
Microsoft Visual Studio Solution File, Format Version 12.00
# Visual Studio 15
VisualStudioVersion = 15.0.27130.2027
MinimumVisualStudioVersion = 10.0.40219.1
Project("{FAE04EC0-301F-11D3-BF4B-00C04F79EFBC}") = "productos", "productos\productos.csproj", "{30FA7A24-6315-4556-971E-457A0926F75F}"
EndProject
Global
	GlobalSection(SolutionConfigurationPlatforms) = preSolution
		Debug|Any CPU = Debug|Any CPU
		Release|Any CPU = Release|Any CPU
	EndGlobalSection
	GlobalSection(ProjectConfigurationPlatforms) = postSolution
		{30FA7A24-6315-4556-971E-457A0926F75F}.Debug|Any CPU.ActiveCfg = Debug|Any CPU
		{30FA7A24-6315-4556-971E-457A0926F75F}.Debug|Any CPU.Build.0 = Debug|Any CPU
		{30FA7A24-6315-4556-971E-457A0926F75F}.Release|Any CPU.ActiveCfg = Release|Any CPU
		{30FA7A24-6315-4556-971E-457A0926F75F}.Release|Any CPU.Build.0 = Release|Any CPU
	EndGlobalSection
	GlobalSection(SolutionProperties) = preSolution
		HideSolutionNode = FALSE
	EndGlobalSection
	GlobalSection(ExtensibilityGlobals) = postSolution
		SolutionGuid = {0DB7F194-9C54-4A6C-BECE-BEE3808BA4BE}
	EndGlobalSection
EndGlobal
